
Microsoft Visual Studio Solution File, Format Version 12.00
# Visual Studio 15
VisualStudioVersion = 15.0.28307.421
MinimumVisualStudioVersion = 10.0.40219.1
Project("{2150E333-8FDC-42A3-9474-1A3956D46DE8}") = "2_thirdparty_yasm", "2_thirdparty_yasm", "{51DB073E-8A5C-47BC-82D8-982FC73C6ABC}"
EndProject
Project("{8BC9CEB8-8B4A-11D0-8D11-00A0C91BC942}") = "genmacro", "thirdparty\yasm-1.3.0\tools\genmacro\genmacro.vcxproj", "{4D6C94C7-9B96-34C3-A629-84A20630FAAC}"
	ProjectSection(ProjectDependencies) = postProject
		{85F0B367-7645-3D24-88D6-270B6389A283} = {85F0B367-7645-3D24-88D6-270B6389A283}
	EndProjectSection
EndProject
Project("{8BC9CEB8-8B4A-11D0-8D11-00A0C91BC942}") = "yasmstd", "thirdparty\yasm-1.3.0\modules\yasmstd.vcxproj", "{4A08A3C4-920F-3E67-8AF3-8FBA0FE13092}"
	ProjectSection(ProjectDependencies) = postProject
		{3427D54E-B9CF-43EC-8E53-6A92A4967A98} = {3427D54E-B9CF-43EC-8E53-6A92A4967A98}
		{C723A6AD-4069-4630-BC15-91D202279B3C} = {C723A6AD-4069-4630-BC15-91D202279B3C}
	EndProjectSection
EndProject
Project("{2150E333-8FDC-42A3-9474-1A3956D46DE8}") = "1_dll", "1_dll", "{E45A02BB-5582-45F4-A36F-CF7ACD4983F1}"
EndProject
Project("{2150E333-8FDC-42A3-9474-1A3956D46DE8}") = "0_lib", "0_lib", "{E4FD9A55-AE7B-4DC1-BA08-F516C67E7796}"
EndProject
Project("{8BC9CEB8-8B4A-11D0-8D11-00A0C91BC942}") = "libintl", "thirdparty\intl-0.19.8.1\libintl.vcxproj", "{5B9E491D-EC1E-4373-A4BD-CDD547E7C6B1}"
EndProject
Project("{8BC9CEB8-8B4A-11D0-8D11-00A0C91BC942}") = "intl", "thirdparty\intl-0.19.8.1\intl.vcxproj", "{3427D54E-B9CF-43EC-8E53-6A92A4967A98}"
	ProjectSection(ProjectDependencies) = postProject
		{785BA08C-7231-42CD-88AF-22BB72BE972B} = {785BA08C-7231-42CD-88AF-22BB72BE972B}
	EndProjectSection
EndProject
Project("{8BC9CEB8-8B4A-11D0-8D11-00A0C91BC942}") = "libiconv", "thirdparty\iconv-1.17\libiconv.vcxproj", "{CB8BB76F-D3FF-434E-A85E-7FFC0893EC9B}"
EndProject
Project("{8BC9CEB8-8B4A-11D0-8D11-00A0C91BC942}") = "iconv", "thirdparty\iconv-1.17\iconv.vcxproj", "{785BA08C-7231-42CD-88AF-22BB72BE972B}"
EndProject
Project("{8BC9CEB8-8B4A-11D0-8D11-00A0C91BC942}") = "libyasm", "thirdparty\yasm-1.3.0\libyasm.vcxproj", "{85F0B367-7645-3D24-88D6-270B6389A283}"
EndProject
Project("{8BC9CEB8-8B4A-11D0-8D11-00A0C91BC942}") = "yasm", "thirdparty\yasm-1.3.0\yasm.vcxproj", "{C723A6AD-4069-4630-BC15-91D202279B3C}"
	ProjectSection(ProjectDependencies) = postProject
		{3427D54E-B9CF-43EC-8E53-6A92A4967A98} = {3427D54E-B9CF-43EC-8E53-6A92A4967A98}
	EndProjectSection
EndProject
Project("{2150E333-8FDC-42A3-9474-1A3956D46DE8}") = "0_thirdparty_base", "0_thirdparty_base", "{71105EFD-C3AD-4D43-BD43-97FDD39164CE}"
EndProject
Project("{2150E333-8FDC-42A3-9474-1A3956D46DE8}") = "0_lib", "0_lib", "{C06C0CDB-62DA-4C80-B9D8-3A4102967537}"
EndProject
Project("{2150E333-8FDC-42A3-9474-1A3956D46DE8}") = "1_dll", "1_dll", "{3BB7A1BE-2BAB-4C23-96CA-6EF8611CAE9F}"
EndProject
Project("{2150E333-8FDC-42A3-9474-1A3956D46DE8}") = "0_thirdparty", "0_thirdparty", "{05103BE3-D09A-420E-9E2B-80DF02AA57E5}"
EndProject
Project("{2150E333-8FDC-42A3-9474-1A3956D46DE8}") = "2_tool", "2_tool", "{0B3C88DC-FD35-4FE1-B220-5F56647DD0BD}"
EndProject
Project("{8BC9CEB8-8B4A-11D0-8D11-00A0C91BC942}") = "genversion", "thirdparty\yasm-1.3.0\tools\genversion\genversion.vcxproj", "{232F95D2-EB4D-36F9-A6FA-6DC0B137FF33}"
	ProjectSection(ProjectDependencies) = postProject
		{85F0B367-7645-3D24-88D6-270B6389A283} = {85F0B367-7645-3D24-88D6-270B6389A283}
	EndProjectSection
EndProject
Project("{8BC9CEB8-8B4A-11D0-8D11-00A0C91BC942}") = "genperf", "thirdparty\yasm-1.3.0\tools\genperf\genperf.vcxproj", "{D105B68F-9759-3852-971D-5216462773C4}"
	ProjectSection(ProjectDependencies) = postProject
		{85F0B367-7645-3D24-88D6-270B6389A283} = {85F0B367-7645-3D24-88D6-270B6389A283}
	EndProjectSection
EndProject
Project("{8BC9CEB8-8B4A-11D0-8D11-00A0C91BC942}") = "yasm", "thirdparty\yasm-1.3.0\tools\yasm\yasm.vcxproj", "{9C235DFF-AF27-330A-8B05-3BE74CB2DC04}"
	ProjectSection(ProjectDependencies) = postProject
		{5D92A41B-A1D4-4AE4-8EFD-4B4C2D1B44DA} = {5D92A41B-A1D4-4AE4-8EFD-4B4C2D1B44DA}
		{5B9E491D-EC1E-4373-A4BD-CDD547E7C6B1} = {5B9E491D-EC1E-4373-A4BD-CDD547E7C6B1}
		{85F0B367-7645-3D24-88D6-270B6389A283} = {85F0B367-7645-3D24-88D6-270B6389A283}
		{CB8BB76F-D3FF-434E-A85E-7FFC0893EC9B} = {CB8BB76F-D3FF-434E-A85E-7FFC0893EC9B}
	EndProjectSection
EndProject
Project("{2150E333-8FDC-42A3-9474-1A3956D46DE8}") = "1_thirdparty_re2c", "1_thirdparty_re2c", "{C590171D-E3D4-4F10-857C-2928CD79B8DA}"
EndProject
Project("{2150E333-8FDC-42A3-9474-1A3956D46DE8}") = "0_lib", "0_lib", "{88760CE5-061F-48C5-9731-E94B29CE6419}"
EndProject
Project("{2150E333-8FDC-42A3-9474-1A3956D46DE8}") = "1_exe", "1_exe", "{D2D6A327-19EC-4EF2-96F4-5BEBB80CEA49}"
EndProject
Project("{8BC9CEB8-8B4A-11D0-8D11-00A0C91BC942}") = "ytasm", "thirdparty\yasm-1.3.0\tools\tasm\ytasm.vcxproj", "{A7264393-36AA-3A7D-A243-9AA0170D26F9}"
	ProjectSection(ProjectDependencies) = postProject
		{5D92A41B-A1D4-4AE4-8EFD-4B4C2D1B44DA} = {5D92A41B-A1D4-4AE4-8EFD-4B4C2D1B44DA}
		{5B9E491D-EC1E-4373-A4BD-CDD547E7C6B1} = {5B9E491D-EC1E-4373-A4BD-CDD547E7C6B1}
		{85F0B367-7645-3D24-88D6-270B6389A283} = {85F0B367-7645-3D24-88D6-270B6389A283}
		{CB8BB76F-D3FF-434E-A85E-7FFC0893EC9B} = {CB8BB76F-D3FF-434E-A85E-7FFC0893EC9B}
	EndProjectSection
EndProject
Project("{8BC9CEB8-8B4A-11D0-8D11-00A0C91BC942}") = "libyasmstd", "thirdparty\yasm-1.3.0\modules\libyasmstd.vcxproj", "{5D92A41B-A1D4-4AE4-8EFD-4B4C2D1B44DA}"
EndProject
Project("{8BC9CEB8-8B4A-11D0-8D11-00A0C91BC942}") = "libre2c", "thirdparty\re2c-0.9.1\libre2c.vcxproj", "{79DC7D46-0B86-4C86-B34A-30C1EBE86751}"
EndProject
Project("{8BC9CEB8-8B4A-11D0-8D11-00A0C91BC942}") = "re2c", "thirdparty\re2c-0.9.1\re2c.vcxproj", "{08ADB53F-6358-39E8-AA89-097192CC4A51}"
	ProjectSection(ProjectDependencies) = postProject
		{79DC7D46-0B86-4C86-B34A-30C1EBE86751} = {79DC7D46-0B86-4C86-B34A-30C1EBE86751}
	EndProjectSection
EndProject
Project("{8BC9CEB8-8B4A-11D0-8D11-00A0C91BC942}") = "vsyasm", "thirdparty\yasm-1.3.0\tools\yasm\vsyasm.vcxproj", "{E37D83F8-E5F8-31AD-B198-FD0FA345B0B5}"
	ProjectSection(ProjectDependencies) = postProject
		{5D92A41B-A1D4-4AE4-8EFD-4B4C2D1B44DA} = {5D92A41B-A1D4-4AE4-8EFD-4B4C2D1B44DA}
		{5B9E491D-EC1E-4373-A4BD-CDD547E7C6B1} = {5B9E491D-EC1E-4373-A4BD-CDD547E7C6B1}
		{85F0B367-7645-3D24-88D6-270B6389A283} = {85F0B367-7645-3D24-88D6-270B6389A283}
		{CB8BB76F-D3FF-434E-A85E-7FFC0893EC9B} = {CB8BB76F-D3FF-434E-A85E-7FFC0893EC9B}
	EndProjectSection
EndProject
Global
	GlobalSection(SolutionConfigurationPlatforms) = preSolution
		Debug|x64 = Debug|x64
		Release|x64 = Release|x64
	EndGlobalSection
	GlobalSection(ProjectConfigurationPlatforms) = postSolution
		{4D6C94C7-9B96-34C3-A629-84A20630FAAC}.Debug|x64.ActiveCfg = Debug|x64
		{4D6C94C7-9B96-34C3-A629-84A20630FAAC}.Debug|x64.Build.0 = Debug|x64
		{4D6C94C7-9B96-34C3-A629-84A20630FAAC}.Release|x64.ActiveCfg = Release|x64
		{4D6C94C7-9B96-34C3-A629-84A20630FAAC}.Release|x64.Build.0 = Release|x64
		{4A08A3C4-920F-3E67-8AF3-8FBA0FE13092}.Debug|x64.ActiveCfg = Debug|x64
		{4A08A3C4-920F-3E67-8AF3-8FBA0FE13092}.Debug|x64.Build.0 = Debug|x64
		{4A08A3C4-920F-3E67-8AF3-8FBA0FE13092}.Release|x64.ActiveCfg = Release|x64
		{4A08A3C4-920F-3E67-8AF3-8FBA0FE13092}.Release|x64.Build.0 = Release|x64
		{5B9E491D-EC1E-4373-A4BD-CDD547E7C6B1}.Debug|x64.ActiveCfg = Debug|x64
		{5B9E491D-EC1E-4373-A4BD-CDD547E7C6B1}.Debug|x64.Build.0 = Debug|x64
		{5B9E491D-EC1E-4373-A4BD-CDD547E7C6B1}.Release|x64.ActiveCfg = Release|x64
		{5B9E491D-EC1E-4373-A4BD-CDD547E7C6B1}.Release|x64.Build.0 = Release|x64
		{3427D54E-B9CF-43EC-8E53-6A92A4967A98}.Debug|x64.ActiveCfg = Debug|x64
		{3427D54E-B9CF-43EC-8E53-6A92A4967A98}.Debug|x64.Build.0 = Debug|x64
		{3427D54E-B9CF-43EC-8E53-6A92A4967A98}.Release|x64.ActiveCfg = Release|x64
		{3427D54E-B9CF-43EC-8E53-6A92A4967A98}.Release|x64.Build.0 = Release|x64
		{CB8BB76F-D3FF-434E-A85E-7FFC0893EC9B}.Debug|x64.ActiveCfg = Debug|x64
		{CB8BB76F-D3FF-434E-A85E-7FFC0893EC9B}.Debug|x64.Build.0 = Debug|x64
		{CB8BB76F-D3FF-434E-A85E-7FFC0893EC9B}.Release|x64.ActiveCfg = Release|x64
		{CB8BB76F-D3FF-434E-A85E-7FFC0893EC9B}.Release|x64.Build.0 = Release|x64
		{785BA08C-7231-42CD-88AF-22BB72BE972B}.Debug|x64.ActiveCfg = Debug|x64
		{785BA08C-7231-42CD-88AF-22BB72BE972B}.Debug|x64.Build.0 = Debug|x64
		{785BA08C-7231-42CD-88AF-22BB72BE972B}.Release|x64.ActiveCfg = Release|x64
		{785BA08C-7231-42CD-88AF-22BB72BE972B}.Release|x64.Build.0 = Release|x64
		{85F0B367-7645-3D24-88D6-270B6389A283}.Debug|x64.ActiveCfg = Debug|x64
		{85F0B367-7645-3D24-88D6-270B6389A283}.Debug|x64.Build.0 = Debug|x64
		{85F0B367-7645-3D24-88D6-270B6389A283}.Release|x64.ActiveCfg = Release|x64
		{85F0B367-7645-3D24-88D6-270B6389A283}.Release|x64.Build.0 = Release|x64
		{C723A6AD-4069-4630-BC15-91D202279B3C}.Debug|x64.ActiveCfg = Debug|x64
		{C723A6AD-4069-4630-BC15-91D202279B3C}.Debug|x64.Build.0 = Debug|x64
		{C723A6AD-4069-4630-BC15-91D202279B3C}.Release|x64.ActiveCfg = Release|x64
		{C723A6AD-4069-4630-BC15-91D202279B3C}.Release|x64.Build.0 = Release|x64
		{232F95D2-EB4D-36F9-A6FA-6DC0B137FF33}.Debug|x64.ActiveCfg = Debug|x64
		{232F95D2-EB4D-36F9-A6FA-6DC0B137FF33}.Debug|x64.Build.0 = Debug|x64
		{232F95D2-EB4D-36F9-A6FA-6DC0B137FF33}.Release|x64.ActiveCfg = Release|x64
		{232F95D2-EB4D-36F9-A6FA-6DC0B137FF33}.Release|x64.Build.0 = Release|x64
		{D105B68F-9759-3852-971D-5216462773C4}.Debug|x64.ActiveCfg = Debug|x64
		{D105B68F-9759-3852-971D-5216462773C4}.Debug|x64.Build.0 = Debug|x64
		{D105B68F-9759-3852-971D-5216462773C4}.Release|x64.ActiveCfg = Release|x64
		{D105B68F-9759-3852-971D-5216462773C4}.Release|x64.Build.0 = Release|x64
		{9C235DFF-AF27-330A-8B05-3BE74CB2DC04}.Debug|x64.ActiveCfg = Debug|x64
		{9C235DFF-AF27-330A-8B05-3BE74CB2DC04}.Debug|x64.Build.0 = Debug|x64
		{9C235DFF-AF27-330A-8B05-3BE74CB2DC04}.Release|x64.ActiveCfg = Release|x64
		{9C235DFF-AF27-330A-8B05-3BE74CB2DC04}.Release|x64.Build.0 = Release|x64
		{A7264393-36AA-3A7D-A243-9AA0170D26F9}.Debug|x64.ActiveCfg = Debug|x64
		{A7264393-36AA-3A7D-A243-9AA0170D26F9}.Debug|x64.Build.0 = Debug|x64
		{A7264393-36AA-3A7D-A243-9AA0170D26F9}.Release|x64.ActiveCfg = Release|x64
		{A7264393-36AA-3A7D-A243-9AA0170D26F9}.Release|x64.Build.0 = Release|x64
		{5D92A41B-A1D4-4AE4-8EFD-4B4C2D1B44DA}.Debug|x64.ActiveCfg = Debug|x64
		{5D92A41B-A1D4-4AE4-8EFD-4B4C2D1B44DA}.Debug|x64.Build.0 = Debug|x64
		{5D92A41B-A1D4-4AE4-8EFD-4B4C2D1B44DA}.Release|x64.ActiveCfg = Release|x64
		{5D92A41B-A1D4-4AE4-8EFD-4B4C2D1B44DA}.Release|x64.Build.0 = Release|x64
		{79DC7D46-0B86-4C86-B34A-30C1EBE86751}.Debug|x64.ActiveCfg = Debug|x64
		{79DC7D46-0B86-4C86-B34A-30C1EBE86751}.Debug|x64.Build.0 = Debug|x64
		{79DC7D46-0B86-4C86-B34A-30C1EBE86751}.Release|x64.ActiveCfg = Release|x64
		{79DC7D46-0B86-4C86-B34A-30C1EBE86751}.Release|x64.Build.0 = Release|x64
		{08ADB53F-6358-39E8-AA89-097192CC4A51}.Debug|x64.ActiveCfg = Debug|x64
		{08ADB53F-6358-39E8-AA89-097192CC4A51}.Debug|x64.Build.0 = Debug|x64
		{08ADB53F-6358-39E8-AA89-097192CC4A51}.Release|x64.ActiveCfg = Release|x64
		{08ADB53F-6358-39E8-AA89-097192CC4A51}.Release|x64.Build.0 = Release|x64
		{E37D83F8-E5F8-31AD-B198-FD0FA345B0B5}.Debug|x64.ActiveCfg = Debug|x64
		{E37D83F8-E5F8-31AD-B198-FD0FA345B0B5}.Debug|x64.Build.0 = Debug|x64
		{E37D83F8-E5F8-31AD-B198-FD0FA345B0B5}.Release|x64.ActiveCfg = Release|x64
		{E37D83F8-E5F8-31AD-B198-FD0FA345B0B5}.Release|x64.Build.0 = Release|x64
	EndGlobalSection
	GlobalSection(SolutionProperties) = preSolution
		HideSolutionNode = FALSE
	EndGlobalSection
	GlobalSection(NestedProjects) = preSolution
		{51DB073E-8A5C-47BC-82D8-982FC73C6ABC} = {05103BE3-D09A-420E-9E2B-80DF02AA57E5}
		{4D6C94C7-9B96-34C3-A629-84A20630FAAC} = {0B3C88DC-FD35-4FE1-B220-5F56647DD0BD}
		{4A08A3C4-920F-3E67-8AF3-8FBA0FE13092} = {3BB7A1BE-2BAB-4C23-96CA-6EF8611CAE9F}
		{E45A02BB-5582-45F4-A36F-CF7ACD4983F1} = {71105EFD-C3AD-4D43-BD43-97FDD39164CE}
		{E4FD9A55-AE7B-4DC1-BA08-F516C67E7796} = {71105EFD-C3AD-4D43-BD43-97FDD39164CE}
		{5B9E491D-EC1E-4373-A4BD-CDD547E7C6B1} = {E4FD9A55-AE7B-4DC1-BA08-F516C67E7796}
		{3427D54E-B9CF-43EC-8E53-6A92A4967A98} = {E45A02BB-5582-45F4-A36F-CF7ACD4983F1}
		{CB8BB76F-D3FF-434E-A85E-7FFC0893EC9B} = {E4FD9A55-AE7B-4DC1-BA08-F516C67E7796}
		{785BA08C-7231-42CD-88AF-22BB72BE972B} = {E45A02BB-5582-45F4-A36F-CF7ACD4983F1}
		{85F0B367-7645-3D24-88D6-270B6389A283} = {C06C0CDB-62DA-4C80-B9D8-3A4102967537}
		{C723A6AD-4069-4630-BC15-91D202279B3C} = {3BB7A1BE-2BAB-4C23-96CA-6EF8611CAE9F}
		{71105EFD-C3AD-4D43-BD43-97FDD39164CE} = {05103BE3-D09A-420E-9E2B-80DF02AA57E5}
		{C06C0CDB-62DA-4C80-B9D8-3A4102967537} = {51DB073E-8A5C-47BC-82D8-982FC73C6ABC}
		{3BB7A1BE-2BAB-4C23-96CA-6EF8611CAE9F} = {51DB073E-8A5C-47BC-82D8-982FC73C6ABC}
		{0B3C88DC-FD35-4FE1-B220-5F56647DD0BD} = {51DB073E-8A5C-47BC-82D8-982FC73C6ABC}
		{232F95D2-EB4D-36F9-A6FA-6DC0B137FF33} = {0B3C88DC-FD35-4FE1-B220-5F56647DD0BD}
		{D105B68F-9759-3852-971D-5216462773C4} = {0B3C88DC-FD35-4FE1-B220-5F56647DD0BD}
		{9C235DFF-AF27-330A-8B05-3BE74CB2DC04} = {0B3C88DC-FD35-4FE1-B220-5F56647DD0BD}
		{C590171D-E3D4-4F10-857C-2928CD79B8DA} = {05103BE3-D09A-420E-9E2B-80DF02AA57E5}
		{88760CE5-061F-48C5-9731-E94B29CE6419} = {C590171D-E3D4-4F10-857C-2928CD79B8DA}
		{D2D6A327-19EC-4EF2-96F4-5BEBB80CEA49} = {C590171D-E3D4-4F10-857C-2928CD79B8DA}
		{A7264393-36AA-3A7D-A243-9AA0170D26F9} = {0B3C88DC-FD35-4FE1-B220-5F56647DD0BD}
		{5D92A41B-A1D4-4AE4-8EFD-4B4C2D1B44DA} = {C06C0CDB-62DA-4C80-B9D8-3A4102967537}
		{79DC7D46-0B86-4C86-B34A-30C1EBE86751} = {88760CE5-061F-48C5-9731-E94B29CE6419}
		{08ADB53F-6358-39E8-AA89-097192CC4A51} = {D2D6A327-19EC-4EF2-96F4-5BEBB80CEA49}
		{E37D83F8-E5F8-31AD-B198-FD0FA345B0B5} = {0B3C88DC-FD35-4FE1-B220-5F56647DD0BD}
	EndGlobalSection
	GlobalSection(ExtensibilityGlobals) = postSolution
		SolutionGuid = {0A8CEE52-492A-4393-9DD8-1A14948800DE}
	EndGlobalSection
EndGlobal
